
Microsoft Visual Studio Solution File, Format Version 12.00
# Visual Studio Version 17
VisualStudioVersion = 17.5.002.0
MinimumVisualStudioVersion = 10.0.40219.1
Project("{9A19103F-16F7-4668-BE54-9A1E7A4F7556}") = "AocRunner", "AocRunner.csproj", "{CDC5A65B-D3D9-49DC-BCBA-922E31197FF9}"
EndProject
Global
	GlobalSection(SolutionConfigurationPlatforms) = preSolution
		Debug|Any CPU = Debug|Any CPU
		Release|Any CPU = Release|Any CPU
	EndGlobalSection
	GlobalSection(ProjectConfigurationPlatforms) = postSolution
		{CDC5A65B-D3D9-49DC-BCBA-922E31197FF9}.Debug|Any CPU.ActiveCfg = Debug|Any CPU
		{CDC5A65B-D3D9-49DC-BCBA-922E31197FF9}.Debug|Any CPU.Build.0 = Debug|Any CPU
		{CDC5A65B-D3D9-49DC-BCBA-922E31197FF9}.Release|Any CPU.ActiveCfg = Release|Any CPU
		{CDC5A65B-D3D9-49DC-BCBA-922E31197FF9}.Release|Any CPU.Build.0 = Release|Any CPU
	EndGlobalSection
	GlobalSection(SolutionProperties) = preSolution
		HideSolutionNode = FALSE
	EndGlobalSection
	GlobalSection(ExtensibilityGlobals) = postSolution
		SolutionGuid = {A13E51F6-1263-46CF-BC43-0DFBF3B045E6}
	EndGlobalSection
EndGlobal
