
Microsoft Visual Studio Solution File, Format Version 12.00
# Visual Studio Version 17
VisualStudioVersion = 17.5.002.0
MinimumVisualStudioVersion = 10.0.40219.1
Project("{9A19103F-16F7-4668-BE54-9A1E7A4F7556}") = "AocRunner", "AocRunner.csproj", "{03B68DB2-78B3-4050-8D57-43CA59626243}"
EndProject
Global
	GlobalSection(SolutionConfigurationPlatforms) = preSolution
		Debug|Any CPU = Debug|Any CPU
		Release|Any CPU = Release|Any CPU
	EndGlobalSection
	GlobalSection(ProjectConfigurationPlatforms) = postSolution
		{03B68DB2-78B3-4050-8D57-43CA59626243}.Debug|Any CPU.ActiveCfg = Debug|Any CPU
		{03B68DB2-78B3-4050-8D57-43CA59626243}.Debug|Any CPU.Build.0 = Debug|Any CPU
		{03B68DB2-78B3-4050-8D57-43CA59626243}.Release|Any CPU.ActiveCfg = Release|Any CPU
		{03B68DB2-78B3-4050-8D57-43CA59626243}.Release|Any CPU.Build.0 = Release|Any CPU
	EndGlobalSection
	GlobalSection(SolutionProperties) = preSolution
		HideSolutionNode = FALSE
	EndGlobalSection
	GlobalSection(ExtensibilityGlobals) = postSolution
		SolutionGuid = {DB7DEB69-0F41-4703-BFB9-4799DB2E995D}
	EndGlobalSection
EndGlobal
